// !$*UTF8*$!
{
	archiveVersion = 1;
	classes = {
	};
	objectVersion = 77;
	objects = {

/* Begin PBXContainerItemProxy section */
		8EC026022EB7ADA600EC9616 /* PBXContainerItemProxy */ = {
			isa = PBXContainerItemProxy;
			containerPortal = 8EC025EC2EB7ADA500EC9616 /* Project object */;
			proxyType = 1;
			remoteGlobalIDString = 8EC025F32EB7ADA500EC9616;
			remoteInfo = "iOS-CleanArchitecture";
		};
		8EC0260C2EB7ADA600EC9616 /* PBXContainerItemProxy */ = {
			isa = PBXContainerItemProxy;
			containerPortal = 8EC025EC2EB7ADA500EC9616 /* Project object */;
			proxyType = 1;
			remoteGlobalIDString = 8EC025F32EB7ADA500EC9616;
			remoteInfo = "iOS-CleanArchitecture";
		};
/* End PBXContainerItemProxy section */

/* Begin PBXFileReference section */
		8EC025F42EB7ADA500EC9616 /* iOS-CleanArchitecture.app */ = {isa = PBXFileReference; explicitFileType = wrapper.application; includeInIndex = 0; path = "iOS-CleanArchitecture.app"; sourceTree = BUILT_PRODUCTS_DIR; };
		8EC026012EB7ADA600EC9616 /* iOS-CleanArchitectureTests.xctest */ = {isa = PBXFileReference; explicitFileType = wrapper.cfbundle; includeInIndex = 0; path = "iOS-CleanArchitectureTests.xctest"; sourceTree = BUILT_PRODUCTS_DIR; };
		8EC0260B2EB7ADA600EC9616 /* iOS-CleanArchitectureUITests.xctest */ = {isa = PBXFileReference; explicitFileType = wrapper.cfbundle; includeInIndex = 0; path = "iOS-CleanArchitectureUITests.xctest"; sourceTree = BUILT_PRODUCTS_DIR; };
/* End PBXFileReference section */

/* Begin PBXFileSystemSynchronizedRootGroup section */
		8EC025F62EB7ADA500EC9616 /* iOS-CleanArchitecture */ = {
			isa = PBXFileSystemSynchronizedRootGroup;
			path = "iOS-CleanArchitecture";
			sourceTree = "<group>";
		};
		8EC026042EB7ADA600EC9616 /* iOS-CleanArchitectureTests */ = {
			isa = PBXFileSystemSynchronizedRootGroup;
			path = "iOS-CleanArchitectureTests";
			sourceTree = "<group>";
		};
		8EC0260E2EB7ADA600EC9616 /* iOS-CleanArchitectureUITests */ = {
			isa = PBXFileSystemSynchronizedRootGroup;
			path = "iOS-CleanArchitectureUITests";
			sourceTree = "<group>";
		};
/* End PBXFileSystemSynchronizedRootGroup section */

/* Begin PBXFrameworksBuildPhase section */
		8EC025F12EB7ADA500EC9616 /* Frameworks */ = {
			isa = PBXFrameworksBuildPhase;
			buildActionMask = 2147483647;
			files = (
			);
			runOnlyForDeploymentPostprocessing = 0;
		};
		8EC025FE2EB7ADA600EC9616 /* Frameworks */ = {
			isa = PBXFrameworksBuildPhase;
			buildActionMask = 2147483647;
			files = (
			);
			runOnlyForDeploymentPostprocessing = 0;
		};
		8EC026082EB7ADA600EC9616 /* Frameworks */ = {
			isa = PBXFrameworksBuildPhase;
			buildActionMask = 2147483647;
			files = (
			);
			runOnlyForDeploymentPostprocessing = 0;
		};
/* End PBXFrameworksBuildPhase section */

/* Begin PBXGroup section */
		8EC025EB2EB7ADA500EC9616 = {
			isa = PBXGroup;
			children = (
				8EC025F62EB7ADA500EC9616 /* iOS-CleanArchitecture */,
				8EC026042EB7ADA600EC9616 /* iOS-CleanArchitectureTests */,
				8EC0260E2EB7ADA600EC9616 /* iOS-CleanArchitectureUITests */,
				8EC025F52EB7ADA500EC9616 /* Products */,
			);
			sourceTree = "<group>";
		};
		8EC025F52EB7ADA500EC9616 /* Products */ = {
			isa = PBXGroup;
			children = (
				8EC025F42EB7ADA500EC9616 /* iOS-CleanArchitecture.app */,
				8EC026012EB7ADA600EC9616 /* iOS-CleanArchitectureTests.xctest */,
				8EC0260B2EB7ADA600EC9616 /* iOS-CleanArchitectureUITests.xctest */,
			);
			name = Products;
			sourceTree = "<group>";
		};
/* End PBXGroup section */

/* Begin PBXNativeTarget section */
		8EC025F32EB7ADA500EC9616 /* iOS-CleanArchitecture */ = {
			isa = PBXNativeTarget;
			buildConfigurationList = 8EC026152EB7ADA600EC9616 /* Build configuration list for PBXNativeTarget "iOS-CleanArchitecture" */;
			buildPhases = (
				8EC025F02EB7ADA500EC9616 /* Sources */,
				8EC025F12EB7ADA500EC9616 /* Frameworks */,
				8EC025F22EB7ADA500EC9616 /* Resources */,
			);
			buildRules = (
			);
			dependencies = (
			);
			fileSystemSynchronizedGroups = (
				8EC025F62EB7ADA500EC9616 /* iOS-CleanArchitecture */,
			);
			name = "iOS-CleanArchitecture";
			packageProductDependencies = (
			);
			productName = "iOS-CleanArchitecture";
			productReference = 8EC025F42EB7ADA500EC9616 /* iOS-CleanArchitecture.app */;
			productType = "com.apple.product-type.application";
		};
		8EC026002EB7ADA600EC9616 /* iOS-CleanArchitectureTests */ = {
			isa = PBXNativeTarget;
			buildConfigurationList = 8EC026182EB7ADA600EC9616 /* Build configuration list for PBXNativeTarget "iOS-CleanArchitectureTests" */;
			buildPhases = (
				8EC025FD2EB7ADA600EC9616 /* Sources */,
				8EC025FE2EB7ADA600EC9616 /* Frameworks */,
				8EC025FF2EB7ADA600EC9616 /* Resources */,
			);
			buildRules = (
			);
			dependencies = (
				8EC026032EB7ADA600EC9616 /* PBXTargetDependency */,
			);
			fileSystemSynchronizedGroups = (
				8EC026042EB7ADA600EC9616 /* iOS-CleanArchitectureTests */,
			);
			name = "iOS-CleanArchitectureTests";
			packageProductDependencies = (
			);
			productName = "iOS-CleanArchitectureTests";
			productReference = 8EC026012EB7ADA600EC9616 /* iOS-CleanArchitectureTests.xctest */;
			productType = "com.apple.product-type.bundle.unit-test";
		};
		8EC0260A2EB7ADA600EC9616 /* iOS-CleanArchitectureUITests */ = {
			isa = PBXNativeTarget;
			buildConfigurationList = 8EC0261B2EB7ADA600EC9616 /* Build configuration list for PBXNativeTarget "iOS-CleanArchitectureUITests" */;
			buildPhases = (
				8EC026072EB7ADA600EC9616 /* Sources */,
				8EC026082EB7ADA600EC9616 /* Frameworks */,
				8EC026092EB7ADA600EC9616 /* Resources */,
			);
			buildRules = (
			);
			dependencies = (
				8EC0260D2EB7ADA600EC9616 /* PBXTargetDependency */,
			);
			fileSystemSynchronizedGroups = (
				8EC0260E2EB7ADA600EC9616 /* iOS-CleanArchitectureUITests */,
			);
			name = "iOS-CleanArchitectureUITests";
			packageProductDependencies = (
			);
			productName = "iOS-CleanArchitectureUITests";
			productReference = 8EC0260B2EB7ADA600EC9616 /* iOS-CleanArchitectureUITests.xctest */;
			productType = "com.apple.product-type.bundle.ui-testing";
		};
/* End PBXNativeTarget section */

/* Begin PBXProject section */
		8EC025EC2EB7ADA500EC9616 /* Project object */ = {
			isa = PBXProject;
			attributes = {
				BuildIndependentTargetsInParallel = 1;
				LastSwiftUpdateCheck = 2600;
				LastUpgradeCheck = 2600;
				TargetAttributes = {
					8EC025F32EB7ADA500EC9616 = {
						CreatedOnToolsVersion = 26.0;
					};
					8EC026002EB7ADA600EC9616 = {
						CreatedOnToolsVersion = 26.0;
						TestTargetID = 8EC025F32EB7ADA500EC9616;
					};
					8EC0260A2EB7ADA600EC9616 = {
						CreatedOnToolsVersion = 26.0;
						TestTargetID = 8EC025F32EB7ADA500EC9616;
					};
				};
			};
			buildConfigurationList = 8EC025EF2EB7ADA500EC9616 /* Build configuration list for PBXProject "iOS-CleanArchitecture" */;
			developmentRegion = en;
			hasScannedForEncodings = 0;
			knownRegions = (
				en,
				Base,
			);
			mainGroup = 8EC025EB2EB7ADA500EC9616;
			minimizedProjectReferenceProxies = 1;
			preferredProjectObjectVersion = 77;
			productRefGroup = 8EC025F52EB7ADA500EC9616 /* Products */;
			projectDirPath = "";
			projectRoot = "";
			targets = (
				8EC025F32EB7ADA500EC9616 /* iOS-CleanArchitecture */,
				8EC026002EB7ADA600EC9616 /* iOS-CleanArchitectureTests */,
				8EC0260A2EB7ADA600EC9616 /* iOS-CleanArchitectureUITests */,
			);
		};
/* End PBXProject section */

/* Begin PBXResourcesBuildPhase section */
		8EC025F22EB7ADA500EC9616 /* Resources */ = {
			isa = PBXResourcesBuildPhase;
			buildActionMask = 2147483647;
			files = (
			);
			runOnlyForDeploymentPostprocessing = 0;
		};
		8EC025FF2EB7ADA600EC9616 /* Resources */ = {
			isa = PBXResourcesBuildPhase;
			buildActionMask = 2147483647;
			files = (
			);
			runOnlyForDeploymentPostprocessing = 0;
		};
		8EC026092EB7ADA600EC9616 /* Resources */ = {
			isa = PBXResourcesBuildPhase;
			buildActionMask = 2147483647;
			files = (
			);
			runOnlyForDeploymentPostprocessing = 0;
		};
/* End PBXResourcesBuildPhase section */

/* Begin PBXSourcesBuildPhase section */
		8EC025F02EB7ADA500EC9616 /* Sources */ = {
			isa = PBXSourcesBuildPhase;
			buildActionMask = 2147483647;
			files = (
			);
			runOnlyForDeploymentPostprocessing = 0;
		};
		8EC025FD2EB7ADA600EC9616 /* Sources */ = {
			isa = PBXSourcesBuildPhase;
			buildActionMask = 2147483647;
			files = (
			);
			runOnlyForDeploymentPostprocessing = 0;
		};
		8EC026072EB7ADA600EC9616 /* Sources */ = {
			isa = PBXSourcesBuildPhase;
			buildActionMask = 2147483647;
			files = (
			);
			runOnlyForDeploymentPostprocessing = 0;
		};
/* End PBXSourcesBuildPhase section */

/* Begin PBXTargetDependency section */
		8EC026032EB7ADA600EC9616 /* PBXTargetDependency */ = {
			isa = PBXTargetDependency;
			target = 8EC025F32EB7ADA500EC9616 /* iOS-CleanArchitecture */;
			targetProxy = 8EC026022EB7ADA600EC9616 /* PBXContainerItemProxy */;
		};
		8EC0260D2EB7ADA600EC9616 /* PBXTargetDependency */ = {
			isa = PBXTargetDependency;
			target = 8EC025F32EB7ADA500EC9616 /* iOS-CleanArchitecture */;
			targetProxy = 8EC0260C2EB7ADA600EC9616 /* PBXContainerItemProxy */;
		};
/* End PBXTargetDependency section */

/* Begin XCBuildConfiguration section */
		8EC026132EB7ADA600EC9616 /* Debug */ = {
			isa = XCBuildConfiguration;
			buildSettings = {
				ALWAYS_SEARCH_USER_PATHS = NO;
				ASSETCATALOG_COMPILER_GENERATE_SWIFT_ASSET_SYMBOL_EXTENSIONS = YES;
				CLANG_ANALYZER_NONNULL = YES;
				CLANG_ANALYZER_NUMBER_OBJECT_CONVERSION = YES_AGGRESSIVE;
				CLANG_CXX_LANGUAGE_STANDARD = "gnu++20";
				CLANG_ENABLE_MODULES = YES;
				CLANG_ENABLE_OBJC_ARC = YES;
				CLANG_ENABLE_OBJC_WEAK = YES;
				CLANG_WARN_BLOCK_CAPTURE_AUTORELEASING = YES;
				CLANG_WARN_BOOL_CONVERSION = YES;
				CLANG_WARN_COMMA = YES;
				CLANG_WARN_CONSTANT_CONVERSION = YES;
				CLANG_WARN_DEPRECATED_OBJC_IMPLEMENTATIONS = YES;
				CLANG_WARN_DIRECT_OBJC_ISA_USAGE = YES_ERROR;
				CLANG_WARN_DOCUMENTATION_COMMENTS = YES;
				CLANG_WARN_EMPTY_BODY = YES;
				CLANG_WARN_ENUM_CONVERSION = YES;
				CLANG_WARN_INFINITE_RECURSION = YES;
				CLANG_WARN_INT_CONVERSION = YES;
				CLANG_WARN_NON_LITERAL_NULL_CONVERSION = YES;
				CLANG_WARN_OBJC_IMPLICIT_RETAIN_SELF = YES;
				CLANG_WARN_OBJC_LITERAL_CONVERSION = YES;
				CLANG_WARN_OBJC_ROOT_CLASS = YES_ERROR;
				CLANG_WARN_QUOTED_INCLUDE_IN_FRAMEWORK_HEADER = YES;
				CLANG_WARN_RANGE_LOOP_ANALYSIS = YES;
				CLANG_WARN_STRICT_PROTOTYPES = YES;
				CLANG_WARN_SUSPICIOUS_MOVE = YES;
				CLANG_WARN_UNGUARDED_AVAILABILITY = YES_AGGRESSIVE;
				CLANG_WARN_UNREACHABLE_CODE = YES;
				CLANG_WARN__DUPLICATE_METHOD_MATCH = YES;
				COPY_PHASE_STRIP = NO;
				DEBUG_INFORMATION_FORMAT = dwarf;
				DEVELOPMENT_TEAM = DTX2HQP24L;
				ENABLE_STRICT_OBJC_MSGSEND = YES;
				ENABLE_TESTABILITY = YES;
				ENABLE_USER_SCRIPT_SANDBOXING = YES;
				GCC_C_LANGUAGE_STANDARD = gnu17;
				GCC_DYNAMIC_NO_PIC = NO;
				GCC_NO_COMMON_BLOCKS = YES;
				GCC_OPTIMIZATION_LEVEL = 0;
				GCC_PREPROCESSOR_DEFINITIONS = (
					"DEBUG=1",
					"$(inherited)",
				);
				GCC_WARN_64_TO_32_BIT_CONVERSION = YES;
				GCC_WARN_ABOUT_RETURN_TYPE = YES_ERROR;
				GCC_WARN_UNDECLARED_SELECTOR = YES;
				GCC_WARN_UNINITIALIZED_AUTOS = YES_AGGRESSIVE;
				GCC_WARN_UNUSED_FUNCTION = YES;
				GCC_WARN_UNUSED_VARIABLE = YES;
				IPHONEOS_DEPLOYMENT_TARGET = 26.0;
				LOCALIZATION_PREFERS_STRING_CATALOGS = YES;
				MTL_ENABLE_DEBUG_INFO = INCLUDE_SOURCE;
				MTL_FAST_MATH = YES;
				ONLY_ACTIVE_ARCH = YES;
				SDKROOT = iphoneos;
				SWIFT_ACTIVE_COMPILATION_CONDITIONS = "DEBUG $(inherited)";
				SWIFT_OPTIMIZATION_LEVEL = "-Onone";
			};
			name = Debug;
		};
		8EC026142EB7ADA600EC9616 /* Release */ = {
			isa = XCBuildConfiguration;
			buildSettings = {
				ALWAYS_SEARCH_USER_PATHS = NO;
				ASSETCATALOG_COMPILER_GENERATE_SWIFT_ASSET_SYMBOL_EXTENSIONS = YES;
				CLANG_ANALYZER_NONNULL = YES;
				CLANG_ANALYZER_NUMBER_OBJECT_CONVERSION = YES_AGGRESSIVE;
				CLANG_CXX_LANGUAGE_STANDARD = "gnu++20";
				CLANG_ENABLE_MODULES = YES;
				CLANG_ENABLE_OBJC_ARC = YES;
				CLANG_ENABLE_OBJC_WEAK = YES;
				CLANG_WARN_BLOCK_CAPTURE_AUTORELEASING = YES;
				CLANG_WARN_BOOL_CONVERSION = YES;
				CLANG_WARN_COMMA = YES;
				CLANG_WARN_CONSTANT_CONVERSION = YES;
				CLANG_WARN_DEPRECATED_OBJC_IMPLEMENTATIONS = YES;
				CLANG_WARN_DIRECT_OBJC_ISA_USAGE = YES_ERROR;
				CLANG_WARN_DOCUMENTATION_COMMENTS = YES;
				CLANG_WARN_EMPTY_BODY = YES;
				CLANG_WARN_ENUM_CONVERSION = YES;
				CLANG_WARN_INFINITE_RECURSION = YES;
				CLANG_WARN_INT_CONVERSION = YES;
				CLANG_WARN_NON_LITERAL_NULL_CONVERSION = YES;
				CLANG_WARN_OBJC_IMPLICIT_RETAIN_SELF = YES;
				CLANG_WARN_OBJC_LITERAL_CONVERSION = YES;
				CLANG_WARN_OBJC_ROOT_CLASS = YES_ERROR;
				CLANG_WARN_QUOTED_INCLUDE_IN_FRAMEWORK_HEADER = YES;
				CLANG_WARN_RANGE_LOOP_ANALYSIS = YES;
				CLANG_WARN_STRICT_PROTOTYPES = YES;
				CLANG_WARN_SUSPICIOUS_MOVE = YES;
				CLANG_WARN_UNGUARDED_AVAILABILITY = YES_AGGRESSIVE;
				CLANG_WARN_UNREACHABLE_CODE = YES;
				CLANG_WARN__DUPLICATE_METHOD_MATCH = YES;
				COPY_PHASE_STRIP = NO;
				DEBUG_INFORMATION_FORMAT = "dwarf-with-dsym";
				DEVELOPMENT_TEAM = DTX2HQP24L;
				ENABLE_NS_ASSERTIONS = NO;
				ENABLE_STRICT_OBJC_MSGSEND = YES;
				ENABLE_USER_SCRIPT_SANDBOXING = YES;
				GCC_C_LANGUAGE_STANDARD = gnu17;
				GCC_NO_COMMON_BLOCKS = YES;
				GCC_WARN_64_TO_32_BIT_CONVERSION = YES;
				GCC_WARN_ABOUT_RETURN_TYPE = YES_ERROR;
				GCC_WARN_UNDECLARED_SELECTOR = YES;
				GCC_WARN_UNINITIALIZED_AUTOS = YES_AGGRESSIVE;
				GCC_WARN_UNUSED_FUNCTION = YES;
				GCC_WARN_UNUSED_VARIABLE = YES;
				IPHONEOS_DEPLOYMENT_TARGET = 26.0;
				LOCALIZATION_PREFERS_STRING_CATALOGS = YES;
				MTL_ENABLE_DEBUG_INFO = NO;
				MTL_FAST_MATH = YES;
				SDKROOT = iphoneos;
				SWIFT_COMPILATION_MODE = wholemodule;
				VALIDATE_PRODUCT = YES;
			};
			name = Release;
		};
		8EC026162EB7ADA600EC9616 /* Debug */ = {
			isa = XCBuildConfiguration;
			buildSettings = {
				ASSETCATALOG_COMPILER_APPICON_NAME = AppIcon;
				ASSETCATALOG_COMPILER_GLOBAL_ACCENT_COLOR_NAME = AccentColor;
				CODE_SIGN_STYLE = Automatic;
				CURRENT_PROJECT_VERSION = 1;
				DEVELOPMENT_TEAM = DTX2HQP24L;
				ENABLE_PREVIEWS = YES;
				GENERATE_INFOPLIST_FILE = YES;
				INFOPLIST_KEY_UIApplicationSceneManifest_Generation = YES;
				INFOPLIST_KEY_UIApplicationSupportsIndirectInputEvents = YES;
				INFOPLIST_KEY_UILaunchScreen_Generation = YES;
				INFOPLIST_KEY_UISupportedInterfaceOrientations_iPad = "UIInterfaceOrientationPortrait UIInterfaceOrientationPortraitUpsideDown UIInterfaceOrientationLandscapeLeft UIInterfaceOrientationLandscapeRight";
				INFOPLIST_KEY_UISupportedInterfaceOrientations_iPhone = "UIInterfaceOrientationPortrait UIInterfaceOrientationLandscapeLeft UIInterfaceOrientationLandscapeRight";
				LD_RUNPATH_SEARCH_PATHS = (
					"$(inherited)",
					"@executable_path/Frameworks",
				);
				MARKETING_VERSION = 1.0;
				PRODUCT_BUNDLE_IDENTIFIER = "com.snoguchi.iOS-CleanArchitecture";
				PRODUCT_NAME = "$(TARGET_NAME)";
				STRING_CATALOG_GENERATE_SYMBOLS = YES;
				SWIFT_APPROACHABLE_CONCURRENCY = YES;
				SWIFT_DEFAULT_ACTOR_ISOLATION = MainActor;
				SWIFT_EMIT_LOC_STRINGS = YES;
				SWIFT_UPCOMING_FEATURE_MEMBER_IMPORT_VISIBILITY = YES;
				SWIFT_VERSION = 5.0;
				TARGETED_DEVICE_FAMILY = "1,2";
			};
			name = Debug;
		};
		8EC026172EB7ADA600EC9616 /* Release */ = {
			isa = XCBuildConfiguration;
			buildSettings = {
				ASSETCATALOG_COMPILER_APPICON_NAME = AppIcon;
				ASSETCATALOG_COMPILER_GLOBAL_ACCENT_COLOR_NAME = AccentColor;
				CODE_SIGN_STYLE = Automatic;
				CURRENT_PROJECT_VERSION = 1;
				DEVELOPMENT_TEAM = DTX2HQP24L;
				ENABLE_PREVIEWS = YES;
				GENERATE_INFOPLIST_FILE = YES;
				INFOPLIST_KEY_UIApplicationSceneManifest_Generation = YES;
				INFOPLIST_KEY_UIApplicationSupportsIndirectInputEvents = YES;
				INFOPLIST_KEY_UILaunchScreen_Generation = YES;
				INFOPLIST_KEY_UISupportedInterfaceOrientations_iPad = "UIInterfaceOrientationPortrait UIInterfaceOrientationPortraitUpsideDown UIInterfaceOrientationLandscapeLeft UIInterfaceOrientationLandscapeRight";
				INFOPLIST_KEY_UISupportedInterfaceOrientations_iPhone = "UIInterfaceOrientationPortrait UIInterfaceOrientationLandscapeLeft UIInterfaceOrientationLandscapeRight";
				LD_RUNPATH_SEARCH_PATHS = (
					"$(inherited)",
					"@executable_path/Frameworks",
				);
				MARKETING_VERSION = 1.0;
				PRODUCT_BUNDLE_IDENTIFIER = "com.snoguchi.iOS-CleanArchitecture";
				PRODUCT_NAME = "$(TARGET_NAME)";
				STRING_CATALOG_GENERATE_SYMBOLS = YES;
				SWIFT_APPROACHABLE_CONCURRENCY = YES;
				SWIFT_DEFAULT_ACTOR_ISOLATION = MainActor;
				SWIFT_EMIT_LOC_STRINGS = YES;
				SWIFT_UPCOMING_FEATURE_MEMBER_IMPORT_VISIBILITY = YES;
				SWIFT_VERSION = 5.0;
				TARGETED_DEVICE_FAMILY = "1,2";
			};
			name = Release;
		};
		8EC026192EB7ADA600EC9616 /* Debug */ = {
			isa = XCBuildConfiguration;
			buildSettings = {
				BUNDLE_LOADER = "$(TEST_HOST)";
				CODE_SIGN_STYLE = Automatic;
				CURRENT_PROJECT_VERSION = 1;
				DEVELOPMENT_TEAM = DTX2HQP24L;
				GENERATE_INFOPLIST_FILE = YES;
				IPHONEOS_DEPLOYMENT_TARGET = 26.0;
				MARKETING_VERSION = 1.0;
				PRODUCT_BUNDLE_IDENTIFIER = "com.snoguchi.iOS-CleanArchitectureTests";
				PRODUCT_NAME = "$(TARGET_NAME)";
				STRING_CATALOG_GENERATE_SYMBOLS = NO;
				SWIFT_APPROACHABLE_CONCURRENCY = YES;
				SWIFT_EMIT_LOC_STRINGS = NO;
				SWIFT_UPCOMING_FEATURE_MEMBER_IMPORT_VISIBILITY = YES;
				SWIFT_VERSION = 5.0;
				TARGETED_DEVICE_FAMILY = "1,2";
				TEST_HOST = "$(BUILT_PRODUCTS_DIR)/iOS-CleanArchitecture.app/$(BUNDLE_EXECUTABLE_FOLDER_PATH)/iOS-CleanArchitecture";
			};
			name = Debug;
		};
		8EC0261A2EB7ADA600EC9616 /* Release */ = {
			isa = XCBuildConfiguration;
			buildSettings = {
				BUNDLE_LOADER = "$(TEST_HOST)";
				CODE_SIGN_STYLE = Automatic;
				CURRENT_PROJECT_VERSION = 1;
				DEVELOPMENT_TEAM = DTX2HQP24L;
				GENERATE_INFOPLIST_FILE = YES;
				IPHONEOS_DEPLOYMENT_TARGET = 26.0;
				MARKETING_VERSION = 1.0;
				PRODUCT_BUNDLE_IDENTIFIER = "com.snoguchi.iOS-CleanArchitectureTests";
				PRODUCT_NAME = "$(TARGET_NAME)";
				STRING_CATALOG_GENERATE_SYMBOLS = NO;
				SWIFT_APPROACHABLE_CONCURRENCY = YES;
				SWIFT_EMIT_LOC_STRINGS = NO;
				SWIFT_UPCOMING_FEATURE_MEMBER_IMPORT_VISIBILITY = YES;
				SWIFT_VERSION = 5.0;
				TARGETED_DEVICE_FAMILY = "1,2";
				TEST_HOST = "$(BUILT_PRODUCTS_DIR)/iOS-CleanArchitecture.app/$(BUNDLE_EXECUTABLE_FOLDER_PATH)/iOS-CleanArchitecture";
			};
			name = Release;
		};
		8EC0261C2EB7ADA600EC9616 /* Debug */ = {
			isa = XCBuildConfiguration;
			buildSettings = {
				CODE_SIGN_STYLE = Automatic;
				CURRENT_PROJECT_VERSION = 1;
				DEVELOPMENT_TEAM = DTX2HQP24L;
				GENERATE_INFOPLIST_FILE = YES;
				MARKETING_VERSION = 1.0;
				PRODUCT_BUNDLE_IDENTIFIER = "com.snoguchi.iOS-CleanArchitectureUITests";
				PRODUCT_NAME = "$(TARGET_NAME)";
				STRING_CATALOG_GENERATE_SYMBOLS = NO;
				SWIFT_APPROACHABLE_CONCURRENCY = YES;
				SWIFT_EMIT_LOC_STRINGS = NO;
				SWIFT_UPCOMING_FEATURE_MEMBER_IMPORT_VISIBILITY = YES;
				SWIFT_VERSION = 5.0;
				TARGETED_DEVICE_FAMILY = "1,2";
				TEST_TARGET_NAME = "iOS-CleanArchitecture";
			};
			name = Debug;
		};
		8EC0261D2EB7ADA600EC9616 /* Release */ = {
			isa = XCBuildConfiguration;
			buildSettings = {
				CODE_SIGN_STYLE = Automatic;
				CURRENT_PROJECT_VERSION = 1;
				DEVELOPMENT_TEAM = DTX2HQP24L;
				GENERATE_INFOPLIST_FILE = YES;
				MARKETING_VERSION = 1.0;
				PRODUCT_BUNDLE_IDENTIFIER = "com.snoguchi.iOS-CleanArchitectureUITests";
				PRODUCT_NAME = "$(TARGET_NAME)";
				STRING_CATALOG_GENERATE_SYMBOLS = NO;
				SWIFT_APPROACHABLE_CONCURRENCY = YES;
				SWIFT_EMIT_LOC_STRINGS = NO;
				SWIFT_UPCOMING_FEATURE_MEMBER_IMPORT_VISIBILITY = YES;
				SWIFT_VERSION = 5.0;
				TARGETED_DEVICE_FAMILY = "1,2";
				TEST_TARGET_NAME = "iOS-CleanArchitecture";
			};
			name = Release;
		};
/* End XCBuildConfiguration section */

/* Begin XCConfigurationList section */
		8EC025EF2EB7ADA500EC9616 /* Build configuration list for PBXProject "iOS-CleanArchitecture" */ = {
			isa = XCConfigurationList;
			buildConfigurations = (
				8EC026132EB7ADA600EC9616 /* Debug */,
				8EC026142EB7ADA600EC9616 /* Release */,
			);
			defaultConfigurationIsVisible = 0;
			defaultConfigurationName = Release;
		};
		8EC026152EB7ADA600EC9616 /* Build configuration list for PBXNativeTarget "iOS-CleanArchitecture" */ = {
			isa = XCConfigurationList;
			buildConfigurations = (
				8EC026162EB7ADA600EC9616 /* Debug */,
				8EC026172EB7ADA600EC9616 /* Release */,
			);
			defaultConfigurationIsVisible = 0;
			defaultConfigurationName = Release;
		};
		8EC026182EB7ADA600EC9616 /* Build configuration list for PBXNativeTarget "iOS-CleanArchitectureTests" */ = {
			isa = XCConfigurationList;
			buildConfigurations = (
				8EC026192EB7ADA600EC9616 /* Debug */,
				8EC0261A2EB7ADA600EC9616 /* Release */,
			);
			defaultConfigurationIsVisible = 0;
			defaultConfigurationName = Release;
		};
		8EC0261B2EB7ADA600EC9616 /* Build configuration list for PBXNativeTarget "iOS-CleanArchitectureUITests" */ = {
			isa = XCConfigurationList;
			buildConfigurations = (
				8EC0261C2EB7ADA600EC9616 /* Debug */,
				8EC0261D2EB7ADA600EC9616 /* Release */,
			);
			defaultConfigurationIsVisible = 0;
			defaultConfigurationName = Release;
		};
/* End XCConfigurationList section */
	};
	rootObject = 8EC025EC2EB7ADA500EC9616 /* Project object */;
}
